
Microsoft Visual Studio Solution File, Format Version 12.00
# Visual Studio 15
Project("{FAE04EC0-301F-11D3-BF4B-00C04F79EFBC}") = "Assembly-CSharp", "Assembly-CSharp.csproj", "{10D08FC7-5100-5759-0382-FDDC74731208}"
EndProject
Project("{FAE04EC0-301F-11D3-BF4B-00C04F79EFBC}") = "Assembly-CSharp", "Assembly-CSharp.Player.csproj", "{F216CF0B-3F9C-7ECA-B4D8-F38A80F98302}"
EndProject
Global
	GlobalSection(SolutionConfigurationPlatforms) = preSolution
		Debug|Any CPU = Debug|Any CPU
		Release|Any CPU = Release|Any CPU
	EndGlobalSection
	GlobalSection(ProjectConfigurationPlatforms) = postSolution
		{10D08FC7-5100-5759-0382-FDDC74731208}.Debug|Any CPU.ActiveCfg = Debug|Any CPU
		{10D08FC7-5100-5759-0382-FDDC74731208}.Debug|Any CPU.Build.0 = Debug|Any CPU
		{10D08FC7-5100-5759-0382-FDDC74731208}.Release|Any CPU.ActiveCfg = Release|Any CPU
		{10D08FC7-5100-5759-0382-FDDC74731208}.Release|Any CPU.Build.0 = Release|Any CPU
		{F216CF0B-3F9C-7ECA-B4D8-F38A80F98302}.Debug|Any CPU.ActiveCfg = Debug|Any CPU
		{F216CF0B-3F9C-7ECA-B4D8-F38A80F98302}.Debug|Any CPU.Build.0 = Debug|Any CPU
		{F216CF0B-3F9C-7ECA-B4D8-F38A80F98302}.Release|Any CPU.ActiveCfg = Release|Any CPU
		{F216CF0B-3F9C-7ECA-B4D8-F38A80F98302}.Release|Any CPU.Build.0 = Release|Any CPU
	EndGlobalSection
	GlobalSection(SolutionProperties) = preSolution
		HideSolutionNode = FALSE
	EndGlobalSection
EndGlobal
